# This file is automatically @generated by Poetry 2.1.3 and should not be changed by hand.

[[package]]
name = "uv"
version = "0.8.0"
description = "An extremely fast Python package and project manager, written in Rust."
optional = false
python-versions = ">=3.8"
groups = ["main"]
files = [
    {file = "uv-0.8.0-py3-none-linux_armv6l.whl", hash = "sha256:7f1a7f9b10299d9db15acac6cdffc5af23c2b0fd6e56add6d6e5d100a82b5c1f"},
    {file = "uv-0.8.0-py3-none-macosx_10_12_x86_64.whl", hash = "sha256:6aeecfef8955dafcbad24ef5258341f2fcdf969949f74ccaa16a7bf9c3ec44b4"},
    {file = "uv-0.8.0-py3-none-macosx_11_0_arm64.whl", hash = "sha256:2d0ebf05eaee75921b3f23e7401a56bc0732bcdabb7469081ab00769340a93b4"},
    {file = "uv-0.8.0-py3-none-manylinux_2_17_aarch64.manylinux2014_aarch64.musllinux_1_1_aarch64.whl", hash = "sha256:b784215c688c4eb54df62fb7506ba7c763fb8c9ba8457cd5dd48f0679f5d0328"},
    {file = "uv-0.8.0-py3-none-manylinux_2_17_armv7l.manylinux2014_armv7l.whl", hash = "sha256:422e6c61b1555478f34300663f0057d5d4fea788c50eae31b332d0cec2a71536"},
    {file = "uv-0.8.0-py3-none-manylinux_2_17_i686.manylinux2014_i686.whl", hash = "sha256:19bd1fc94de3714c41d9f9f4dbcfdd2feeca00439b2fb2212ece249649b85c72"},
    {file = "uv-0.8.0-py3-none-manylinux_2_17_ppc64.manylinux2014_ppc64.whl", hash = "sha256:c039a27387033c84eb07023c941cb6c3f4d71336ada54b83866929af9db75839"},
    {file = "uv-0.8.0-py3-none-manylinux_2_17_ppc64le.manylinux2014_ppc64le.whl", hash = "sha256:6f5deec88789d0c03eba6af2e615e310eaa4426deb5c690f15e54f09d4a8ad0d"},
    {file = "uv-0.8.0-py3-none-manylinux_2_17_s390x.manylinux2014_s390x.whl", hash = "sha256:d3fcbd19654f168e1cae3054ed75cfc0c80a452d0668f90fc579135de6d7588e"},
    {file = "uv-0.8.0-py3-none-manylinux_2_17_x86_64.manylinux2014_x86_64.whl", hash = "sha256:fb939490ce24d5f88ddebf2ceaf30c613b2bd27f2e67ae62ec0960baa5f8412d"},
    {file = "uv-0.8.0-py3-none-manylinux_2_28_aarch64.whl", hash = "sha256:57af365c459d8e05274363cb10f4781a5e15b7b6f56d1427fd5b04302aa3d244"},
    {file = "uv-0.8.0-py3-none-musllinux_1_1_armv7l.whl", hash = "sha256:9fb57d550887e9858b8c7c0417e5aa3e9629c2ec851f1567f1cde2ba9bf2ee79"},
    {file = "uv-0.8.0-py3-none-musllinux_1_1_i686.whl", hash = "sha256:7bd1ff23f8585e0e80024341aeb896b6b5ce94d43d3a95142be8e4bb3f1354b4"},
    {file = "uv-0.8.0-py3-none-musllinux_1_1_x86_64.whl", hash = "sha256:29757a08499e4c4462efa4fcba664c8850eb7ab8ec04852582adb901591dcc50"},
    {file = "uv-0.8.0-py3-none-win32.whl", hash = "sha256:84b03d7b34e1a8e62b34d13e88f434e3f1773a0841f7ba3603ca23d360529e84"},
    {file = "uv-0.8.0-py3-none-win_amd64.whl", hash = "sha256:2f47fca8cb0301408ec1ae7f3e0388afb36fc36188d1775dbd8daf336bf5be6f"},
    {file = "uv-0.8.0-py3-none-win_arm64.whl", hash = "sha256:aefc09b9a580f7f41a2358462215538f3806de60c6f20ade4a25ee4d678267e1"},
    {file = "uv-0.8.0.tar.gz", hash = "sha256:5d4b05056cc923e579007aede5ad1c3cf2c22628a89585f503b724521036748c"},
]

[metadata]
lock-version = "2.1"
python-versions = ">=3.12"
content-hash = "db305bee8e2586c32ea4f0c27ada18d2295394b5df25c704c28bc198f825e9b8"
