version = 1
revision = 2
requires-python = ">=3.12"

[[package]]
name = "textsummarizerapi"
version = "0.1.0"
source = { editable = "." }
dependencies = [
    { name = "uv" },
]

[package.metadata]
requires-dist = [{ name = "uv", specifier = ">=0.8.0,<0.9.0" }]

[[package]]
name = "uv"
version = "0.8.0"
source = { registry = "https://pypi.org/simple" }
sdist = { url = "https://files.pythonhosted.org/packages/f1/6c/0f42f6f59af910ab67ce5acb7f11e6341275cfe9cfa0b8a2ae97303e5775/uv-0.8.0.tar.gz", hash = "sha256:5d4b05056cc923e579007aede5ad1c3cf2c22628a89585f503b724521036748c", size = 3395163, upload-time = "2025-07-17T22:51:40.756Z" }
wheels = [
    { url = "https://files.pythonhosted.org/packages/73/0a/07735385f63229c5a6079044861a7462b1f9ff02dc7c6a891d296ffed9b0/uv-0.8.0-py3-none-linux_armv6l.whl", hash = "sha256:7f1a7f9b10299d9db15acac6cdffc5af23c2b0fd6e56add6d6e5d100a82b5c1f", size = 17839329, upload-time = "2025-07-17T22:50:56.938Z" },
    { url = "https://files.pythonhosted.org/packages/8e/c1/160b81f8c34bf5ea6bddde96f80f3f000d083482f2612a98725a9f714707/uv-0.8.0-py3-none-macosx_10_12_x86_64.whl", hash = "sha256:6aeecfef8955dafcbad24ef5258341f2fcdf969949f74ccaa16a7bf9c3ec44b4", size = 17952798, upload-time = "2025-07-17T22:51:02.635Z" },
    { url = "https://files.pythonhosted.org/packages/9d/98/9a89983caa05cf998eea3dac1e6cff2e0ab8099be0695fd8b9dc6a5038a0/uv-0.8.0-py3-none-macosx_11_0_arm64.whl", hash = "sha256:2d0ebf05eaee75921b3f23e7401a56bc0732bcdabb7469081ab00769340a93b4", size = 16618272, upload-time = "2025-07-17T22:51:04.941Z" },
    { url = "https://files.pythonhosted.org/packages/6e/8a/ed8c00d04c621b693c53cc9570ecddf766f8ff2078d6182eba55d0c20b10/uv-0.8.0-py3-none-manylinux_2_17_aarch64.manylinux2014_aarch64.musllinux_1_1_aarch64.whl", hash = "sha256:b784215c688c4eb54df62fb7506ba7c763fb8c9ba8457cd5dd48f0679f5d0328", size = 17199728, upload-time = "2025-07-17T22:51:06.853Z" },
    { url = "https://files.pythonhosted.org/packages/c1/08/fd29a5f93576f81a4d912e60d98fcb78e727c293f57b5a703e121d1875f2/uv-0.8.0-py3-none-manylinux_2_17_armv7l.manylinux2014_armv7l.whl", hash = "sha256:422e6c61b1555478f34300663f0057d5d4fea788c50eae31b332d0cec2a71536", size = 17561205, upload-time = "2025-07-17T22:51:09.528Z" },
    { url = "https://files.pythonhosted.org/packages/f3/28/80a4c04e0c843b16c2406a9a699dea4d2ac0f4863295194a7e202b917afa/uv-0.8.0-py3-none-manylinux_2_17_i686.manylinux2014_i686.whl", hash = "sha256:19bd1fc94de3714c41d9f9f4dbcfdd2feeca00439b2fb2212ece249649b85c72", size = 18337053, upload-time = "2025-07-17T22:51:12.064Z" },
    { url = "https://files.pythonhosted.org/packages/00/43/8c86a21efced9d2617311b456a1e8ad76f4eba2d4809fe5a8d4639719949/uv-0.8.0-py3-none-manylinux_2_17_ppc64.manylinux2014_ppc64.whl", hash = "sha256:c039a27387033c84eb07023c941cb6c3f4d71336ada54b83866929af9db75839", size = 19484516, upload-time = "2025-07-17T22:51:14.336Z" },
    { url = "https://files.pythonhosted.org/packages/38/0b/e74a16000ad8e5811ed648bb1801377b311640ed5b7033959fb5c80ab826/uv-0.8.0-py3-none-manylinux_2_17_ppc64le.manylinux2014_ppc64le.whl", hash = "sha256:6f5deec88789d0c03eba6af2e615e310eaa4426deb5c690f15e54f09d4a8ad0d", size = 19292816, upload-time = "2025-07-17T22:51:16.757Z" },
    { url = "https://files.pythonhosted.org/packages/91/73/c8ee97f38adee10abfa7040ea5e3f5c37e0be2e67437346ba4dcce211d01/uv-0.8.0-py3-none-manylinux_2_17_s390x.manylinux2014_s390x.whl", hash = "sha256:d3fcbd19654f168e1cae3054ed75cfc0c80a452d0668f90fc579135de6d7588e", size = 18835921, upload-time = "2025-07-17T22:51:18.948Z" },
    { url = "https://files.pythonhosted.org/packages/bf/94/b8609393606e2f80dec8d6e2a26b79d703857a9d761487cdd05d081d628f/uv-0.8.0-py3-none-manylinux_2_17_x86_64.manylinux2014_x86_64.whl", hash = "sha256:fb939490ce24d5f88ddebf2ceaf30c613b2bd27f2e67ae62ec0960baa5f8412d", size = 18708625, upload-time = "2025-07-17T22:51:22.37Z" },
    { url = "https://files.pythonhosted.org/packages/2a/44/8754d0a27b4d52d8cce9a5d2e50196dc14a5b7c0739858eabf4abfec1740/uv-0.8.0-py3-none-manylinux_2_28_aarch64.whl", hash = "sha256:57af365c459d8e05274363cb10f4781a5e15b7b6f56d1427fd5b04302aa3d244", size = 17464028, upload-time = "2025-07-17T22:51:24.855Z" },
    { url = "https://files.pythonhosted.org/packages/1c/17/ce98535a2f167feeea4d3b5f266239ebfe11ba5ceb1be3aad9772b35e9e0/uv-0.8.0-py3-none-musllinux_1_1_armv7l.whl", hash = "sha256:9fb57d550887e9858b8c7c0417e5aa3e9629c2ec851f1567f1cde2ba9bf2ee79", size = 17503466, upload-time = "2025-07-17T22:51:27.253Z" },
    { url = "https://files.pythonhosted.org/packages/ce/37/3990cf8a19012010cd1fafce7934c0aaa8375712c8bc037e0c3ef148df0c/uv-0.8.0-py3-none-musllinux_1_1_i686.whl", hash = "sha256:7bd1ff23f8585e0e80024341aeb896b6b5ce94d43d3a95142be8e4bb3f1354b4", size = 17843023, upload-time = "2025-07-17T22:51:29.44Z" },
    { url = "https://files.pythonhosted.org/packages/e0/91/b88ffc2355fe6c2d1695f42a4605ff0f2773d5bd1a62699757c84ccc6496/uv-0.8.0-py3-none-musllinux_1_1_x86_64.whl", hash = "sha256:29757a08499e4c4462efa4fcba664c8850eb7ab8ec04852582adb901591dcc50", size = 18862516, upload-time = "2025-07-17T22:51:31.887Z" },
    { url = "https://files.pythonhosted.org/packages/37/39/c470b8de6e250fb8f146c3f72c396a9e9f457cfbb04618f430cc52a3a84f/uv-0.8.0-py3-none-win32.whl", hash = "sha256:84b03d7b34e1a8e62b34d13e88f434e3f1773a0841f7ba3603ca23d360529e84", size = 17757431, upload-time = "2025-07-17T22:51:34.24Z" },
    { url = "https://files.pythonhosted.org/packages/fd/4e/4a69b1baa14dfee113f76c823ffa4e79cd6bc6452c24454382a6fa793f2a/uv-0.8.0-py3-none-win_amd64.whl", hash = "sha256:2f47fca8cb0301408ec1ae7f3e0388afb36fc36188d1775dbd8daf336bf5be6f", size = 19493722, upload-time = "2025-07-17T22:51:36.672Z" },
    { url = "https://files.pythonhosted.org/packages/79/95/2803b563c61cd9b26f89a15b248d7e2ee5bbfbac892966ebd09111613f38/uv-0.8.0-py3-none-win_arm64.whl", hash = "sha256:aefc09b9a580f7f41a2358462215538f3806de60c6f20ade4a25ee4d678267e1", size = 18090168, upload-time = "2025-07-17T22:51:38.946Z" },
]
